{
  "name": "ClientServerArchitecture",
  "lockfileVersion": 2,
  "requires": true,
  "packages": {
    "": {
      "dependencies": {
        "xmlhttprequest": "^1.8.0"
      }
    },
    "node_modules/xmlhttprequest": {
      "version": "1.8.0",
      "license": "MIT",
      "engines": {
        "node": ">=0.4.0"
      }
    }
  },
  "dependencies": {
    "xmlhttprequest": {
      "version": "1.8.0"
    }
  }
}
